
Microsoft Visual Studio Solution File, Format Version 12.00
# Visual Studio 15
VisualStudioVersion = 15.0.27130.2026
MinimumVisualStudioVersion = 10.0.40219.1
Project("{9A19103F-16F7-4668-BE54-9A1E7A4F7556}") = "Mechanical4.Core", "Mechanical4.Core\Mechanical4.Core.csproj", "{877914D9-9EBD-4844-838A-F8DC0C7A9EB2}"
EndProject
Project("{2150E333-8FDC-42A3-9474-1A3956D46DE8}") = "Solution Items", "Solution Items", "{7884CFE8-4703-4653-A56E-CE0AAD2955C2}"
	ProjectSection(SolutionItems) = preProject
		..\README.md = ..\README.md
	EndProjectSection
EndProject
Project("{FAE04EC0-301F-11D3-BF4B-00C04F79EFBC}") = "Mechanical4.Tests", "Mechanical4.Tests\Mechanical4.Tests.csproj", "{BC2660FE-9CB6-4D38-B48B-32209BA79DBD}"
EndProject
Global
	GlobalSection(SolutionConfigurationPlatforms) = preSolution
		Debug|Any CPU = Debug|Any CPU
		Release|Any CPU = Release|Any CPU
	EndGlobalSection
	GlobalSection(ProjectConfigurationPlatforms) = postSolution
		{877914D9-9EBD-4844-838A-F8DC0C7A9EB2}.Debug|Any CPU.ActiveCfg = Debug|Any CPU
		{877914D9-9EBD-4844-838A-F8DC0C7A9EB2}.Debug|Any CPU.Build.0 = Debug|Any CPU
		{877914D9-9EBD-4844-838A-F8DC0C7A9EB2}.Release|Any CPU.ActiveCfg = Release|Any CPU
		{877914D9-9EBD-4844-838A-F8DC0C7A9EB2}.Release|Any CPU.Build.0 = Release|Any CPU
		{BC2660FE-9CB6-4D38-B48B-32209BA79DBD}.Debug|Any CPU.ActiveCfg = Debug|Any CPU
		{BC2660FE-9CB6-4D38-B48B-32209BA79DBD}.Debug|Any CPU.Build.0 = Debug|Any CPU
		{BC2660FE-9CB6-4D38-B48B-32209BA79DBD}.Release|Any CPU.ActiveCfg = Release|Any CPU
		{BC2660FE-9CB6-4D38-B48B-32209BA79DBD}.Release|Any CPU.Build.0 = Release|Any CPU
	EndGlobalSection
	GlobalSection(SolutionProperties) = preSolution
		HideSolutionNode = FALSE
	EndGlobalSection
	GlobalSection(ExtensibilityGlobals) = postSolution
		SolutionGuid = {5B0C1980-52D8-4DD3-9DDD-CFF69E444958}
	EndGlobalSection
EndGlobal
